
Microsoft Visual Studio Solution File, Format Version 12.00
# Visual Studio Version 17
VisualStudioVersion = 17.13.36105.23 d17.13
MinimumVisualStudioVersion = 10.0.40219.1
Project("{FAE04EC0-301F-11D3-BF4B-00C04F79EFBC}") = "Route Mapper Pro", "Route Mapper Pro\Route Mapper Pro.csproj", "{3B7FC4CA-62BB-4FAE-9F3A-5C511C50B86B}"
EndProject
Global
	GlobalSection(SolutionConfigurationPlatforms) = preSolution
		Debug|Any CPU = Debug|Any CPU
		Release|Any CPU = Release|Any CPU
	EndGlobalSection
	GlobalSection(ProjectConfigurationPlatforms) = postSolution
		{3B7FC4CA-62BB-4FAE-9F3A-5C511C50B86B}.Debug|Any CPU.ActiveCfg = Debug|Any CPU
		{3B7FC4CA-62BB-4FAE-9F3A-5C511C50B86B}.Debug|Any CPU.Build.0 = Debug|Any CPU
		{3B7FC4CA-62BB-4FAE-9F3A-5C511C50B86B}.Release|Any CPU.ActiveCfg = Release|Any CPU
		{3B7FC4CA-62BB-4FAE-9F3A-5C511C50B86B}.Release|Any CPU.Build.0 = Release|Any CPU
	EndGlobalSection
	GlobalSection(SolutionProperties) = preSolution
		HideSolutionNode = FALSE
	EndGlobalSection
	GlobalSection(ExtensibilityGlobals) = postSolution
		SolutionGuid = {573AAB3E-14BF-4E2B-8B2C-B74F6EBB4698}
	EndGlobalSection
EndGlobal
